
Microsoft Visual Studio Solution File, Format Version 12.00
# Visual Studio Version 17
VisualStudioVersion = 17.0.32112.339
MinimumVisualStudioVersion = 10.0.40219.1
Project("{9A19103F-16F7-4668-BE54-9A1E7A4F7556}") = "Common", "Common\Common.csproj", "{D76391E5-135C-4EB9-8797-43A172279A09}"
EndProject
Project("{FAE04EC0-301F-11D3-BF4B-00C04F79EFBC}") = "WorkerService", "WorkerService\WorkerService.csproj", "{638B37EA-EECA-424A-9F81-4116406A6F14}"
EndProject
Global
	GlobalSection(SolutionConfigurationPlatforms) = preSolution
		Debug|Any CPU = Debug|Any CPU
		Release|Any CPU = Release|Any CPU
	EndGlobalSection
	GlobalSection(ProjectConfigurationPlatforms) = postSolution
		{D76391E5-135C-4EB9-8797-43A172279A09}.Debug|Any CPU.ActiveCfg = Debug|Any CPU
		{D76391E5-135C-4EB9-8797-43A172279A09}.Debug|Any CPU.Build.0 = Debug|Any CPU
		{D76391E5-135C-4EB9-8797-43A172279A09}.Release|Any CPU.ActiveCfg = Release|Any CPU
		{D76391E5-135C-4EB9-8797-43A172279A09}.Release|Any CPU.Build.0 = Release|Any CPU
		{638B37EA-EECA-424A-9F81-4116406A6F14}.Debug|Any CPU.ActiveCfg = Debug|Any CPU
		{638B37EA-EECA-424A-9F81-4116406A6F14}.Debug|Any CPU.Build.0 = Debug|Any CPU
		{638B37EA-EECA-424A-9F81-4116406A6F14}.Release|Any CPU.ActiveCfg = Release|Any CPU
		{638B37EA-EECA-424A-9F81-4116406A6F14}.Release|Any CPU.Build.0 = Release|Any CPU
	EndGlobalSection
	GlobalSection(SolutionProperties) = preSolution
		HideSolutionNode = FALSE
	EndGlobalSection
	GlobalSection(ExtensibilityGlobals) = postSolution
		SolutionGuid = {59960C7F-E582-4593-AC11-4C54FD713DD1}
	EndGlobalSection
EndGlobal
